// !$*UTF8*$!
{
	archiveVersion = 1;
	classes = {
	};
	objectVersion = 46;
	objects = {

/* Begin PBXBuildFile section */
		274B66331CAC0C3E00C26B89 /* NSString+Size.m in Sources */ = {isa = PBXBuildFile; fileRef = 274B660B1CAC0C3E00C26B89 /* NSString+Size.m */; };
		274B66341CAC0C3E00C26B89 /* CYAlertController.m in Sources */ = {isa = PBXBuildFile; fileRef = 274B660D1CAC0C3E00C26B89 /* CYAlertController.m */; };
		274B66351CAC0C3E00C26B89 /* CYAlertDismissContractHorizontal.m in Sources */ = {isa = PBXBuildFile; fileRef = 274B66101CAC0C3E00C26B89 /* CYAlertDismissContractHorizontal.m */; };
		274B66361CAC0C3E00C26B89 /* CYAlertDismissContractVertical.m in Sources */ = {isa = PBXBuildFile; fileRef = 274B66121CAC0C3E00C26B89 /* CYAlertDismissContractVertical.m */; };
		274B66371CAC0C3E00C26B89 /* CYAlertDismissFadeOut.m in Sources */ = {isa = PBXBuildFile; fileRef = 274B66141CAC0C3E00C26B89 /* CYAlertDismissFadeOut.m */; };
		274B66381CAC0C3E00C26B89 /* CYAlertDismissSlideDown.m in Sources */ = {isa = PBXBuildFile; fileRef = 274B66161CAC0C3E00C26B89 /* CYAlertDismissSlideDown.m */; };
		274B66391CAC0C3E00C26B89 /* CYAlertDismissSlideLeft.m in Sources */ = {isa = PBXBuildFile; fileRef = 274B66181CAC0C3E00C26B89 /* CYAlertDismissSlideLeft.m */; };
		274B663A1CAC0C3E00C26B89 /* CYAlertDismissSlideRight.m in Sources */ = {isa = PBXBuildFile; fileRef = 274B661A1CAC0C3E00C26B89 /* CYAlertDismissSlideRight.m */; };
		274B663B1CAC0C3E00C26B89 /* CYAlertDismissSlideUp.m in Sources */ = {isa = PBXBuildFile; fileRef = 274B661C1CAC0C3E00C26B89 /* CYAlertDismissSlideUp.m */; };
		274B663C1CAC0C3E00C26B89 /* CYAlertPresentBounce.m in Sources */ = {isa = PBXBuildFile; fileRef = 274B661F1CAC0C3E00C26B89 /* CYAlertPresentBounce.m */; };
		274B663D1CAC0C3E00C26B89 /* CYAlertPresentExpandHorizontal.m in Sources */ = {isa = PBXBuildFile; fileRef = 274B66211CAC0C3E00C26B89 /* CYAlertPresentExpandHorizontal.m */; };
		274B663E1CAC0C3E00C26B89 /* CYAlertPresentExpandVertical.m in Sources */ = {isa = PBXBuildFile; fileRef = 274B66231CAC0C3E00C26B89 /* CYAlertPresentExpandVertical.m */; };
		274B663F1CAC0C3E00C26B89 /* CYAlertPresentFadeIn.m in Sources */ = {isa = PBXBuildFile; fileRef = 274B66251CAC0C3E00C26B89 /* CYAlertPresentFadeIn.m */; };
		274B66401CAC0C3E00C26B89 /* CYAlertPresentSlideDown.m in Sources */ = {isa = PBXBuildFile; fileRef = 274B66271CAC0C3E00C26B89 /* CYAlertPresentSlideDown.m */; };
		274B66411CAC0C3E00C26B89 /* CYAlertPresentSlideLeft.m in Sources */ = {isa = PBXBuildFile; fileRef = 274B66291CAC0C3E00C26B89 /* CYAlertPresentSlideLeft.m */; };
		274B66421CAC0C3E00C26B89 /* CYAlertPresentSlideRight.m in Sources */ = {isa = PBXBuildFile; fileRef = 274B662B1CAC0C3E00C26B89 /* CYAlertPresentSlideRight.m */; };
		274B66431CAC0C3E00C26B89 /* CYAlertPresentSlideUp.m in Sources */ = {isa = PBXBuildFile; fileRef = 274B662D1CAC0C3E00C26B89 /* CYAlertPresentSlideUp.m */; };
		274B66441CAC0C3E00C26B89 /* CYAlertPresentSystem.m in Sources */ = {isa = PBXBuildFile; fileRef = 274B662F1CAC0C3E00C26B89 /* CYAlertPresentSystem.m */; };
		274B66451CAC0C3E00C26B89 /* CYAlertView.m in Sources */ = {isa = PBXBuildFile; fileRef = 274B66321CAC0C3E00C26B89 /* CYAlertView.m */; };
		27C6B1FC1CA6D4D600DA47B3 /* main.m in Sources */ = {isa = PBXBuildFile; fileRef = 27C6B1FB1CA6D4D600DA47B3 /* main.m */; };
		27C6B1FF1CA6D4D600DA47B3 /* AppDelegate.m in Sources */ = {isa = PBXBuildFile; fileRef = 27C6B1FE1CA6D4D600DA47B3 /* AppDelegate.m */; };
		27C6B2021CA6D4D600DA47B3 /* DemoViewController.m in Sources */ = {isa = PBXBuildFile; fileRef = 27C6B2011CA6D4D600DA47B3 /* DemoViewController.m */; };
		27C6B2051CA6D4D600DA47B3 /* Main.storyboard in Resources */ = {isa = PBXBuildFile; fileRef = 27C6B2031CA6D4D600DA47B3 /* Main.storyboard */; };
		27C6B2071CA6D4D600DA47B3 /* Assets.xcassets in Resources */ = {isa = PBXBuildFile; fileRef = 27C6B2061CA6D4D600DA47B3 /* Assets.xcassets */; };
		27C6B20A1CA6D4D600DA47B3 /* LaunchScreen.storyboard in Resources */ = {isa = PBXBuildFile; fileRef = 27C6B2081CA6D4D600DA47B3 /* LaunchScreen.storyboard */; };
/* End PBXBuildFile section */

/* Begin PBXFileReference section */
		274B660A1CAC0C3E00C26B89 /* NSString+Size.h */ = {isa = PBXFileReference; fileEncoding = 4; lastKnownFileType = sourcecode.c.h; path = "NSString+Size.h"; sourceTree = "<group>"; };
		274B660B1CAC0C3E00C26B89 /* NSString+Size.m */ = {isa = PBXFileReference; fileEncoding = 4; lastKnownFileType = sourcecode.c.objc; path = "NSString+Size.m"; sourceTree = "<group>"; };
		274B660C1CAC0C3E00C26B89 /* CYAlertController.h */ = {isa = PBXFileReference; fileEncoding = 4; lastKnownFileType = sourcecode.c.h; path = CYAlertController.h; sourceTree = "<group>"; };
		274B660D1CAC0C3E00C26B89 /* CYAlertController.m */ = {isa = PBXFileReference; fileEncoding = 4; lastKnownFileType = sourcecode.c.objc; path = CYAlertController.m; sourceTree = "<group>"; };
		274B660F1CAC0C3E00C26B89 /* CYAlertDismissContractHorizontal.h */ = {isa = PBXFileReference; fileEncoding = 4; lastKnownFileType = sourcecode.c.h; path = CYAlertDismissContractHorizontal.h; sourceTree = "<group>"; };
		274B66101CAC0C3E00C26B89 /* CYAlertDismissContractHorizontal.m */ = {isa = PBXFileReference; fileEncoding = 4; lastKnownFileType = sourcecode.c.objc; path = CYAlertDismissContractHorizontal.m; sourceTree = "<group>"; };
		274B66111CAC0C3E00C26B89 /* CYAlertDismissContractVertical.h */ = {isa = PBXFileReference; fileEncoding = 4; lastKnownFileType = sourcecode.c.h; path = CYAlertDismissContractVertical.h; sourceTree = "<group>"; };
		274B66121CAC0C3E00C26B89 /* CYAlertDismissContractVertical.m */ = {isa = PBXFileReference; fileEncoding = 4; lastKnownFileType = sourcecode.c.objc; path = CYAlertDismissContractVertical.m; sourceTree = "<group>"; };
		274B66131CAC0C3E00C26B89 /* CYAlertDismissFadeOut.h */ = {isa = PBXFileReference; fileEncoding = 4; lastKnownFileType = sourcecode.c.h; path = CYAlertDismissFadeOut.h; sourceTree = "<group>"; };
		274B66141CAC0C3E00C26B89 /* CYAlertDismissFadeOut.m */ = {isa = PBXFileReference; fileEncoding = 4; lastKnownFileType = sourcecode.c.objc; path = CYAlertDismissFadeOut.m; sourceTree = "<group>"; };
		274B66151CAC0C3E00C26B89 /* CYAlertDismissSlideDown.h */ = {isa = PBXFileReference; fileEncoding = 4; lastKnownFileType = sourcecode.c.h; path = CYAlertDismissSlideDown.h; sourceTree = "<group>"; };
		274B66161CAC0C3E00C26B89 /* CYAlertDismissSlideDown.m */ = {isa = PBXFileReference; fileEncoding = 4; lastKnownFileType = sourcecode.c.objc; path = CYAlertDismissSlideDown.m; sourceTree = "<group>"; };
		274B66171CAC0C3E00C26B89 /* CYAlertDismissSlideLeft.h */ = {isa = PBXFileReference; fileEncoding = 4; lastKnownFileType = sourcecode.c.h; path = CYAlertDismissSlideLeft.h; sourceTree = "<group>"; };
		274B66181CAC0C3E00C26B89 /* CYAlertDismissSlideLeft.m */ = {isa = PBXFileReference; fileEncoding = 4; lastKnownFileType = sourcecode.c.objc; path = CYAlertDismissSlideLeft.m; sourceTree = "<group>"; };
		274B66191CAC0C3E00C26B89 /* CYAlertDismissSlideRight.h */ = {isa = PBXFileReference; fileEncoding = 4; lastKnownFileType = sourcecode.c.h; path = CYAlertDismissSlideRight.h; sourceTree = "<group>"; };
		274B661A1CAC0C3E00C26B89 /* CYAlertDismissSlideRight.m */ = {isa = PBXFileReference; fileEncoding = 4; lastKnownFileType = sourcecode.c.objc; path = CYAlertDismissSlideRight.m; sourceTree = "<group>"; };
		274B661B1CAC0C3E00C26B89 /* CYAlertDismissSlideUp.h */ = {isa = PBXFileReference; fileEncoding = 4; lastKnownFileType = sourcecode.c.h; path = CYAlertDismissSlideUp.h; sourceTree = "<group>"; };
		274B661C1CAC0C3E00C26B89 /* CYAlertDismissSlideUp.m */ = {isa = PBXFileReference; fileEncoding = 4; lastKnownFileType = sourcecode.c.objc; path = CYAlertDismissSlideUp.m; sourceTree = "<group>"; };
		274B661E1CAC0C3E00C26B89 /* CYAlertPresentBounce.h */ = {isa = PBXFileReference; fileEncoding = 4; lastKnownFileType = sourcecode.c.h; path = CYAlertPresentBounce.h; sourceTree = "<group>"; };
		274B661F1CAC0C3E00C26B89 /* CYAlertPresentBounce.m */ = {isa = PBXFileReference; fileEncoding = 4; lastKnownFileType = sourcecode.c.objc; path = CYAlertPresentBounce.m; sourceTree = "<group>"; };
		274B66201CAC0C3E00C26B89 /* CYAlertPresentExpandHorizontal.h */ = {isa = PBXFileReference; fileEncoding = 4; lastKnownFileType = sourcecode.c.h; path = CYAlertPresentExpandHorizontal.h; sourceTree = "<group>"; };
		274B66211CAC0C3E00C26B89 /* CYAlertPresentExpandHorizontal.m */ = {isa = PBXFileReference; fileEncoding = 4; lastKnownFileType = sourcecode.c.objc; path = CYAlertPresentExpandHorizontal.m; sourceTree = "<group>"; };
		274B66221CAC0C3E00C26B89 /* CYAlertPresentExpandVertical.h */ = {isa = PBXFileReference; fileEncoding = 4; lastKnownFileType = sourcecode.c.h; path = CYAlertPresentExpandVertical.h; sourceTree = "<group>"; };
		274B66231CAC0C3E00C26B89 /* CYAlertPresentExpandVertical.m */ = {isa = PBXFileReference; fileEncoding = 4; lastKnownFileType = sourcecode.c.objc; path = CYAlertPresentExpandVertical.m; sourceTree = "<group>"; };
		274B66241CAC0C3E00C26B89 /* CYAlertPresentFadeIn.h */ = {isa = PBXFileReference; fileEncoding = 4; lastKnownFileType = sourcecode.c.h; path = CYAlertPresentFadeIn.h; sourceTree = "<group>"; };
		274B66251CAC0C3E00C26B89 /* CYAlertPresentFadeIn.m */ = {isa = PBXFileReference; fileEncoding = 4; lastKnownFileType = sourcecode.c.objc; path = CYAlertPresentFadeIn.m; sourceTree = "<group>"; };
		274B66261CAC0C3E00C26B89 /* CYAlertPresentSlideDown.h */ = {isa = PBXFileReference; fileEncoding = 4; lastKnownFileType = sourcecode.c.h; path = CYAlertPresentSlideDown.h; sourceTree = "<group>"; };
		274B66271CAC0C3E00C26B89 /* CYAlertPresentSlideDown.m */ = {isa = PBXFileReference; fileEncoding = 4; lastKnownFileType = sourcecode.c.objc; path = CYAlertPresentSlideDown.m; sourceTree = "<group>"; };
		274B66281CAC0C3E00C26B89 /* CYAlertPresentSlideLeft.h */ = {isa = PBXFileReference; fileEncoding = 4; lastKnownFileType = sourcecode.c.h; path = CYAlertPresentSlideLeft.h; sourceTree = "<group>"; };
		274B66291CAC0C3E00C26B89 /* CYAlertPresentSlideLeft.m */ = {isa = PBXFileReference; fileEncoding = 4; lastKnownFileType = sourcecode.c.objc; path = CYAlertPresentSlideLeft.m; sourceTree = "<group>"; };
		274B662A1CAC0C3E00C26B89 /* CYAlertPresentSlideRight.h */ = {isa = PBXFileReference; fileEncoding = 4; lastKnownFileType = sourcecode.c.h; path = CYAlertPresentSlideRight.h; sourceTree = "<group>"; };
		274B662B1CAC0C3E00C26B89 /* CYAlertPresentSlideRight.m */ = {isa = PBXFileReference; fileEncoding = 4; lastKnownFileType = sourcecode.c.objc; path = CYAlertPresentSlideRight.m; sourceTree = "<group>"; };
		274B662C1CAC0C3E00C26B89 /* CYAlertPresentSlideUp.h */ = {isa = PBXFileReference; fileEncoding = 4; lastKnownFileType = sourcecode.c.h; path = CYAlertPresentSlideUp.h; sourceTree = "<group>"; };
		274B662D1CAC0C3E00C26B89 /* CYAlertPresentSlideUp.m */ = {isa = PBXFileReference; fileEncoding = 4; lastKnownFileType = sourcecode.c.objc; path = CYAlertPresentSlideUp.m; sourceTree = "<group>"; };
		274B662E1CAC0C3E00C26B89 /* CYAlertPresentSystem.h */ = {isa = PBXFileReference; fileEncoding = 4; lastKnownFileType = sourcecode.c.h; path = CYAlertPresentSystem.h; sourceTree = "<group>"; };
		274B662F1CAC0C3E00C26B89 /* CYAlertPresentSystem.m */ = {isa = PBXFileReference; fileEncoding = 4; lastKnownFileType = sourcecode.c.objc; path = CYAlertPresentSystem.m; sourceTree = "<group>"; };
		274B66311CAC0C3E00C26B89 /* CYAlertView.h */ = {isa = PBXFileReference; fileEncoding = 4; lastKnownFileType = sourcecode.c.h; path = CYAlertView.h; sourceTree = "<group>"; };
		274B66321CAC0C3E00C26B89 /* CYAlertView.m */ = {isa = PBXFileReference; fileEncoding = 4; lastKnownFileType = sourcecode.c.objc; path = CYAlertView.m; sourceTree = "<group>"; };
		27C6B1F71CA6D4D600DA47B3 /* CyAlertControllerDemo.app */ = {isa = PBXFileReference; explicitFileType = wrapper.application; includeInIndex = 0; path = CyAlertControllerDemo.app; sourceTree = BUILT_PRODUCTS_DIR; };
		27C6B1FB1CA6D4D600DA47B3 /* main.m */ = {isa = PBXFileReference; lastKnownFileType = sourcecode.c.objc; path = main.m; sourceTree = "<group>"; };
		27C6B1FD1CA6D4D600DA47B3 /* AppDelegate.h */ = {isa = PBXFileReference; lastKnownFileType = sourcecode.c.h; path = AppDelegate.h; sourceTree = "<group>"; };
		27C6B1FE1CA6D4D600DA47B3 /* AppDelegate.m */ = {isa = PBXFileReference; lastKnownFileType = sourcecode.c.objc; path = AppDelegate.m; sourceTree = "<group>"; };
		27C6B2001CA6D4D600DA47B3 /* DemoViewController.h */ = {isa = PBXFileReference; lastKnownFileType = sourcecode.c.h; path = DemoViewController.h; sourceTree = "<group>"; };
		27C6B2011CA6D4D600DA47B3 /* DemoViewController.m */ = {isa = PBXFileReference; lastKnownFileType = sourcecode.c.objc; path = DemoViewController.m; sourceTree = "<group>"; };
		27C6B2041CA6D4D600DA47B3 /* Base */ = {isa = PBXFileReference; lastKnownFileType = file.storyboard; name = Base; path = Base.lproj/Main.storyboard; sourceTree = "<group>"; };
		27C6B2061CA6D4D600DA47B3 /* Assets.xcassets */ = {isa = PBXFileReference; lastKnownFileType = folder.assetcatalog; path = Assets.xcassets; sourceTree = "<group>"; };
		27C6B2091CA6D4D600DA47B3 /* Base */ = {isa = PBXFileReference; lastKnownFileType = file.storyboard; name = Base; path = Base.lproj/LaunchScreen.storyboard; sourceTree = "<group>"; };
		27C6B20B1CA6D4D600DA47B3 /* Info.plist */ = {isa = PBXFileReference; lastKnownFileType = text.plist.xml; path = Info.plist; sourceTree = "<group>"; };
/* End PBXFileReference section */

/* Begin PBXFrameworksBuildPhase section */
		27C6B1F41CA6D4D600DA47B3 /* Frameworks */ = {
			isa = PBXFrameworksBuildPhase;
			buildActionMask = 2147483647;
			files = (
			);
			runOnlyForDeploymentPostprocessing = 0;
		};
/* End PBXFrameworksBuildPhase section */

/* Begin PBXGroup section */
		274B66081CAC0C3E00C26B89 /* CYAlertController */ = {
			isa = PBXGroup;
			children = (
				274B660C1CAC0C3E00C26B89 /* CYAlertController.h */,
				274B660D1CAC0C3E00C26B89 /* CYAlertController.m */,
				274B66091CAC0C3E00C26B89 /* Category */,
				274B660E1CAC0C3E00C26B89 /* CYAlertDismissAnimator */,
				274B661D1CAC0C3E00C26B89 /* CYAlertPresentAnimator */,
				274B66301CAC0C3E00C26B89 /* CYAlertView */,
			);
			path = CYAlertController;
			sourceTree = "<group>";
		};
		274B66091CAC0C3E00C26B89 /* Category */ = {
			isa = PBXGroup;
			children = (
				274B660A1CAC0C3E00C26B89 /* NSString+Size.h */,
				274B660B1CAC0C3E00C26B89 /* NSString+Size.m */,
			);
			path = Category;
			sourceTree = "<group>";
		};
		274B660E1CAC0C3E00C26B89 /* CYAlertDismissAnimator */ = {
			isa = PBXGroup;
			children = (
				274B660F1CAC0C3E00C26B89 /* CYAlertDismissContractHorizontal.h */,
				274B66101CAC0C3E00C26B89 /* CYAlertDismissContractHorizontal.m */,
				274B66111CAC0C3E00C26B89 /* CYAlertDismissContractVertical.h */,
				274B66121CAC0C3E00C26B89 /* CYAlertDismissContractVertical.m */,
				274B66131CAC0C3E00C26B89 /* CYAlertDismissFadeOut.h */,
				274B66141CAC0C3E00C26B89 /* CYAlertDismissFadeOut.m */,
				274B66151CAC0C3E00C26B89 /* CYAlertDismissSlideDown.h */,
				274B66161CAC0C3E00C26B89 /* CYAlertDismissSlideDown.m */,
				274B66171CAC0C3E00C26B89 /* CYAlertDismissSlideLeft.h */,
				274B66181CAC0C3E00C26B89 /* CYAlertDismissSlideLeft.m */,
				274B66191CAC0C3E00C26B89 /* CYAlertDismissSlideRight.h */,
				274B661A1CAC0C3E00C26B89 /* CYAlertDismissSlideRight.m */,
				274B661B1CAC0C3E00C26B89 /* CYAlertDismissSlideUp.h */,
				274B661C1CAC0C3E00C26B89 /* CYAlertDismissSlideUp.m */,
			);
			path = CYAlertDismissAnimator;
			sourceTree = "<group>";
		};
		274B661D1CAC0C3E00C26B89 /* CYAlertPresentAnimator */ = {
			isa = PBXGroup;
			children = (
				274B661E1CAC0C3E00C26B89 /* CYAlertPresentBounce.h */,
				274B661F1CAC0C3E00C26B89 /* CYAlertPresentBounce.m */,
				274B66201CAC0C3E00C26B89 /* CYAlertPresentExpandHorizontal.h */,
				274B66211CAC0C3E00C26B89 /* CYAlertPresentExpandHorizontal.m */,
				274B66221CAC0C3E00C26B89 /* CYAlertPresentExpandVertical.h */,
				274B66231CAC0C3E00C26B89 /* CYAlertPresentExpandVertical.m */,
				274B66241CAC0C3E00C26B89 /* CYAlertPresentFadeIn.h */,
				274B66251CAC0C3E00C26B89 /* CYAlertPresentFadeIn.m */,
				274B66261CAC0C3E00C26B89 /* CYAlertPresentSlideDown.h */,
				274B66271CAC0C3E00C26B89 /* CYAlertPresentSlideDown.m */,
				274B66281CAC0C3E00C26B89 /* CYAlertPresentSlideLeft.h */,
				274B66291CAC0C3E00C26B89 /* CYAlertPresentSlideLeft.m */,
				274B662A1CAC0C3E00C26B89 /* CYAlertPresentSlideRight.h */,
				274B662B1CAC0C3E00C26B89 /* CYAlertPresentSlideRight.m */,
				274B662C1CAC0C3E00C26B89 /* CYAlertPresentSlideUp.h */,
				274B662D1CAC0C3E00C26B89 /* CYAlertPresentSlideUp.m */,
				274B662E1CAC0C3E00C26B89 /* CYAlertPresentSystem.h */,
				274B662F1CAC0C3E00C26B89 /* CYAlertPresentSystem.m */,
			);
			path = CYAlertPresentAnimator;
			sourceTree = "<group>";
		};
		274B66301CAC0C3E00C26B89 /* CYAlertView */ = {
			isa = PBXGroup;
			children = (
				274B66311CAC0C3E00C26B89 /* CYAlertView.h */,
				274B66321CAC0C3E00C26B89 /* CYAlertView.m */,
			);
			path = CYAlertView;
			sourceTree = "<group>";
		};
		27C6B1EE1CA6D4D600DA47B3 = {
			isa = PBXGroup;
			children = (
				27C6B1F91CA6D4D600DA47B3 /* CyAlertControllerDemo */,
				27C6B1F81CA6D4D600DA47B3 /* Products */,
			);
			sourceTree = "<group>";
		};
		27C6B1F81CA6D4D600DA47B3 /* Products */ = {
			isa = PBXGroup;
			children = (
				27C6B1F71CA6D4D600DA47B3 /* CyAlertControllerDemo.app */,
			);
			name = Products;
			sourceTree = "<group>";
		};
		27C6B1F91CA6D4D600DA47B3 /* CyAlertControllerDemo */ = {
			isa = PBXGroup;
			children = (
				274B66081CAC0C3E00C26B89 /* CYAlertController */,
				27C6B2001CA6D4D600DA47B3 /* DemoViewController.h */,
				27C6B2011CA6D4D600DA47B3 /* DemoViewController.m */,
				27C6B1FA1CA6D4D600DA47B3 /* Supporting Files */,
			);
			path = CyAlertControllerDemo;
			sourceTree = "<group>";
		};
		27C6B1FA1CA6D4D600DA47B3 /* Supporting Files */ = {
			isa = PBXGroup;
			children = (
				27C6B1FD1CA6D4D600DA47B3 /* AppDelegate.h */,
				27C6B1FE1CA6D4D600DA47B3 /* AppDelegate.m */,
				27C6B2031CA6D4D600DA47B3 /* Main.storyboard */,
				27C6B2061CA6D4D600DA47B3 /* Assets.xcassets */,
				27C6B2081CA6D4D600DA47B3 /* LaunchScreen.storyboard */,
				27C6B20B1CA6D4D600DA47B3 /* Info.plist */,
				27C6B1FB1CA6D4D600DA47B3 /* main.m */,
			);
			name = "Supporting Files";
			sourceTree = "<group>";
		};
/* End PBXGroup section */

/* Begin PBXNativeTarget section */
		27C6B1F61CA6D4D600DA47B3 /* CyAlertControllerDemo */ = {
			isa = PBXNativeTarget;
			buildConfigurationList = 27C6B20E1CA6D4D600DA47B3 /* Build configuration list for PBXNativeTarget "CyAlertControllerDemo" */;
			buildPhases = (
				27C6B1F31CA6D4D600DA47B3 /* Sources */,
				27C6B1F41CA6D4D600DA47B3 /* Frameworks */,
				27C6B1F51CA6D4D600DA47B3 /* Resources */,
			);
			buildRules = (
			);
			dependencies = (
			);
			name = CyAlertControllerDemo;
			productName = CyAlertControllerDemo;
			productReference = 27C6B1F71CA6D4D600DA47B3 /* CyAlertControllerDemo.app */;
			productType = "com.apple.product-type.application";
		};
/* End PBXNativeTarget section */

/* Begin PBXProject section */
		27C6B1EF1CA6D4D600DA47B3 /* Project object */ = {
			isa = PBXProject;
			attributes = {
				LastUpgradeCheck = 0730;
				ORGANIZATIONNAME = Cyrus;
				TargetAttributes = {
					27C6B1F61CA6D4D600DA47B3 = {
						CreatedOnToolsVersion = 7.3;
						DevelopmentTeam = 5H493MJ8BH;
					};
				};
			};
			buildConfigurationList = 27C6B1F21CA6D4D600DA47B3 /* Build configuration list for PBXProject "CyAlertControllerDemo" */;
			compatibilityVersion = "Xcode 3.2";
			developmentRegion = English;
			hasScannedForEncodings = 0;
			knownRegions = (
				en,
				Base,
			);
			mainGroup = 27C6B1EE1CA6D4D600DA47B3;
			productRefGroup = 27C6B1F81CA6D4D600DA47B3 /* Products */;
			projectDirPath = "";
			projectRoot = "";
			targets = (
				27C6B1F61CA6D4D600DA47B3 /* CyAlertControllerDemo */,
			);
		};
/* End PBXProject section */

/* Begin PBXResourcesBuildPhase section */
		27C6B1F51CA6D4D600DA47B3 /* Resources */ = {
			isa = PBXResourcesBuildPhase;
			buildActionMask = 2147483647;
			files = (
				27C6B20A1CA6D4D600DA47B3 /* LaunchScreen.storyboard in Resources */,
				27C6B2071CA6D4D600DA47B3 /* Assets.xcassets in Resources */,
				27C6B2051CA6D4D600DA47B3 /* Main.storyboard in Resources */,
			);
			runOnlyForDeploymentPostprocessing = 0;
		};
/* End PBXResourcesBuildPhase section */

/* Begin PBXSourcesBuildPhase section */
		27C6B1F31CA6D4D600DA47B3 /* Sources */ = {
			isa = PBXSourcesBuildPhase;
			buildActionMask = 2147483647;
			files = (
				274B66331CAC0C3E00C26B89 /* NSString+Size.m in Sources */,
				274B66441CAC0C3E00C26B89 /* CYAlertPresentSystem.m in Sources */,
				274B66431CAC0C3E00C26B89 /* CYAlertPresentSlideUp.m in Sources */,
				274B66351CAC0C3E00C26B89 /* CYAlertDismissContractHorizontal.m in Sources */,
				274B66371CAC0C3E00C26B89 /* CYAlertDismissFadeOut.m in Sources */,
				274B663C1CAC0C3E00C26B89 /* CYAlertPresentBounce.m in Sources */,
				27C6B2021CA6D4D600DA47B3 /* DemoViewController.m in Sources */,
				274B66401CAC0C3E00C26B89 /* CYAlertPresentSlideDown.m in Sources */,
				27C6B1FF1CA6D4D600DA47B3 /* AppDelegate.m in Sources */,
				274B66381CAC0C3E00C26B89 /* CYAlertDismissSlideDown.m in Sources */,
				274B663A1CAC0C3E00C26B89 /* CYAlertDismissSlideRight.m in Sources */,
				274B66391CAC0C3E00C26B89 /* CYAlertDismissSlideLeft.m in Sources */,
				274B663B1CAC0C3E00C26B89 /* CYAlertDismissSlideUp.m in Sources */,
				274B66411CAC0C3E00C26B89 /* CYAlertPresentSlideLeft.m in Sources */,
				274B663E1CAC0C3E00C26B89 /* CYAlertPresentExpandVertical.m in Sources */,
				274B66361CAC0C3E00C26B89 /* CYAlertDismissContractVertical.m in Sources */,
				274B66421CAC0C3E00C26B89 /* CYAlertPresentSlideRight.m in Sources */,
				27C6B1FC1CA6D4D600DA47B3 /* main.m in Sources */,
				274B663F1CAC0C3E00C26B89 /* CYAlertPresentFadeIn.m in Sources */,
				274B66451CAC0C3E00C26B89 /* CYAlertView.m in Sources */,
				274B663D1CAC0C3E00C26B89 /* CYAlertPresentExpandHorizontal.m in Sources */,
				274B66341CAC0C3E00C26B89 /* CYAlertController.m in Sources */,
			);
			runOnlyForDeploymentPostprocessing = 0;
		};
/* End PBXSourcesBuildPhase section */

/* Begin PBXVariantGroup section */
		27C6B2031CA6D4D600DA47B3 /* Main.storyboard */ = {
			isa = PBXVariantGroup;
			children = (
				27C6B2041CA6D4D600DA47B3 /* Base */,
			);
			name = Main.storyboard;
			sourceTree = "<group>";
		};
		27C6B2081CA6D4D600DA47B3 /* LaunchScreen.storyboard */ = {
			isa = PBXVariantGroup;
			children = (
				27C6B2091CA6D4D600DA47B3 /* Base */,
			);
			name = LaunchScreen.storyboard;
			sourceTree = "<group>";
		};
/* End PBXVariantGroup section */

/* Begin XCBuildConfiguration section */
		27C6B20C1CA6D4D600DA47B3 /* Debug */ = {
			isa = XCBuildConfiguration;
			buildSettings = {
				ALWAYS_SEARCH_USER_PATHS = NO;
				CLANG_ANALYZER_NONNULL = YES;
				CLANG_CXX_LANGUAGE_STANDARD = "gnu++0x";
				CLANG_CXX_LIBRARY = "libc++";
				CLANG_ENABLE_MODULES = YES;
				CLANG_ENABLE_OBJC_ARC = YES;
				CLANG_WARN_BOOL_CONVERSION = YES;
				CLANG_WARN_CONSTANT_CONVERSION = YES;
				CLANG_WARN_DIRECT_OBJC_ISA_USAGE = YES_ERROR;
				CLANG_WARN_EMPTY_BODY = YES;
				CLANG_WARN_ENUM_CONVERSION = YES;
				CLANG_WARN_INT_CONVERSION = YES;
				CLANG_WARN_OBJC_ROOT_CLASS = YES_ERROR;
				CLANG_WARN_UNREACHABLE_CODE = YES;
				CLANG_WARN__DUPLICATE_METHOD_MATCH = YES;
				"CODE_SIGN_IDENTITY[sdk=iphoneos*]" = "iPhone Developer";
				COPY_PHASE_STRIP = NO;
				DEBUG_INFORMATION_FORMAT = dwarf;
				ENABLE_STRICT_OBJC_MSGSEND = YES;
				ENABLE_TESTABILITY = YES;
				GCC_C_LANGUAGE_STANDARD = gnu99;
				GCC_DYNAMIC_NO_PIC = NO;
				GCC_NO_COMMON_BLOCKS = YES;
				GCC_OPTIMIZATION_LEVEL = 0;
				GCC_PREPROCESSOR_DEFINITIONS = (
					"DEBUG=1",
					"$(inherited)",
				);
				GCC_WARN_64_TO_32_BIT_CONVERSION = YES;
				GCC_WARN_ABOUT_RETURN_TYPE = YES_ERROR;
				GCC_WARN_UNDECLARED_SELECTOR = YES;
				GCC_WARN_UNINITIALIZED_AUTOS = YES_AGGRESSIVE;
				GCC_WARN_UNUSED_FUNCTION = YES;
				GCC_WARN_UNUSED_VARIABLE = YES;
				IPHONEOS_DEPLOYMENT_TARGET = 9.3;
				MTL_ENABLE_DEBUG_INFO = YES;
				ONLY_ACTIVE_ARCH = YES;
				SDKROOT = iphoneos;
			};
			name = Debug;
		};
		27C6B20D1CA6D4D600DA47B3 /* Release */ = {
			isa = XCBuildConfiguration;
			buildSettings = {
				ALWAYS_SEARCH_USER_PATHS = NO;
				CLANG_ANALYZER_NONNULL = YES;
				CLANG_CXX_LANGUAGE_STANDARD = "gnu++0x";
				CLANG_CXX_LIBRARY = "libc++";
				CLANG_ENABLE_MODULES = YES;
				CLANG_ENABLE_OBJC_ARC = YES;
				CLANG_WARN_BOOL_CONVERSION = YES;
				CLANG_WARN_CONSTANT_CONVERSION = YES;
				CLANG_WARN_DIRECT_OBJC_ISA_USAGE = YES_ERROR;
				CLANG_WARN_EMPTY_BODY = YES;
				CLANG_WARN_ENUM_CONVERSION = YES;
				CLANG_WARN_INT_CONVERSION = YES;
				CLANG_WARN_OBJC_ROOT_CLASS = YES_ERROR;
				CLANG_WARN_UNREACHABLE_CODE = YES;
				CLANG_WARN__DUPLICATE_METHOD_MATCH = YES;
				"CODE_SIGN_IDENTITY[sdk=iphoneos*]" = "iPhone Developer";
				COPY_PHASE_STRIP = NO;
				DEBUG_INFORMATION_FORMAT = "dwarf-with-dsym";
				ENABLE_NS_ASSERTIONS = NO;
				ENABLE_STRICT_OBJC_MSGSEND = YES;
				GCC_C_LANGUAGE_STANDARD = gnu99;
				GCC_NO_COMMON_BLOCKS = YES;
				GCC_WARN_64_TO_32_BIT_CONVERSION = YES;
				GCC_WARN_ABOUT_RETURN_TYPE = YES_ERROR;
				GCC_WARN_UNDECLARED_SELECTOR = YES;
				GCC_WARN_UNINITIALIZED_AUTOS = YES_AGGRESSIVE;
				GCC_WARN_UNUSED_FUNCTION = YES;
				GCC_WARN_UNUSED_VARIABLE = YES;
				IPHONEOS_DEPLOYMENT_TARGET = 9.3;
				MTL_ENABLE_DEBUG_INFO = NO;
				SDKROOT = iphoneos;
				VALIDATE_PRODUCT = YES;
			};
			name = Release;
		};
		27C6B20F1CA6D4D600DA47B3 /* Debug */ = {
			isa = XCBuildConfiguration;
			buildSettings = {
				ASSETCATALOG_COMPILER_APPICON_NAME = AppIcon;
				INFOPLIST_FILE = CyAlertControllerDemo/Info.plist;
				IPHONEOS_DEPLOYMENT_TARGET = 8.0;
				LD_RUNPATH_SEARCH_PATHS = "$(inherited) @executable_path/Frameworks";
				PRODUCT_BUNDLE_IDENTIFIER = com.cyrusdev.CyAlertControllerDemo;
				PRODUCT_NAME = "$(TARGET_NAME)";
			};
			name = Debug;
		};
		27C6B2101CA6D4D600DA47B3 /* Release */ = {
			isa = XCBuildConfiguration;
			buildSettings = {
				ASSETCATALOG_COMPILER_APPICON_NAME = AppIcon;
				INFOPLIST_FILE = CyAlertControllerDemo/Info.plist;
				IPHONEOS_DEPLOYMENT_TARGET = 8.0;
				LD_RUNPATH_SEARCH_PATHS = "$(inherited) @executable_path/Frameworks";
				PRODUCT_BUNDLE_IDENTIFIER = com.cyrusdev.CyAlertControllerDemo;
				PRODUCT_NAME = "$(TARGET_NAME)";
			};
			name = Release;
		};
/* End XCBuildConfiguration section */

/* Begin XCConfigurationList section */
		27C6B1F21CA6D4D600DA47B3 /* Build configuration list for PBXProject "CyAlertControllerDemo" */ = {
			isa = XCConfigurationList;
			buildConfigurations = (
				27C6B20C1CA6D4D600DA47B3 /* Debug */,
				27C6B20D1CA6D4D600DA47B3 /* Release */,
			);
			defaultConfigurationIsVisible = 0;
			defaultConfigurationName = Release;
		};
		27C6B20E1CA6D4D600DA47B3 /* Build configuration list for PBXNativeTarget "CyAlertControllerDemo" */ = {
			isa = XCConfigurationList;
			buildConfigurations = (
				27C6B20F1CA6D4D600DA47B3 /* Debug */,
				27C6B2101CA6D4D600DA47B3 /* Release */,
			);
			defaultConfigurationIsVisible = 0;
			defaultConfigurationName = Release;
		};
/* End XCConfigurationList section */
	};
	rootObject = 27C6B1EF1CA6D4D600DA47B3 /* Project object */;
}
