// !$*UTF8*$!
{
	archiveVersion = 1;
	classes = {
	};
	objectVersion = 46;
	objects = {

/* Begin PBXBuildFile section */
		272A146D1DCA3EDD008A1CBF /* main.m in Sources */ = {isa = PBXBuildFile; fileRef = 272A146C1DCA3EDD008A1CBF /* main.m */; };
		272A14701DCA3EDD008A1CBF /* AppDelegate.m in Sources */ = {isa = PBXBuildFile; fileRef = 272A146F1DCA3EDD008A1CBF /* AppDelegate.m */; };
		272A14761DCA3EDD008A1CBF /* Main.storyboard in Resources */ = {isa = PBXBuildFile; fileRef = 272A14741DCA3EDD008A1CBF /* Main.storyboard */; };
		272A14781DCA3EDD008A1CBF /* Assets.xcassets in Resources */ = {isa = PBXBuildFile; fileRef = 272A14771DCA3EDD008A1CBF /* Assets.xcassets */; };
		272A147B1DCA3EDD008A1CBF /* LaunchScreen.storyboard in Resources */ = {isa = PBXBuildFile; fileRef = 272A14791DCA3EDD008A1CBF /* LaunchScreen.storyboard */; };
		272A14841DCA3EFA008A1CBF /* DemoViewController.m in Sources */ = {isa = PBXBuildFile; fileRef = 272A14831DCA3EFA008A1CBF /* DemoViewController.m */; };
		272A14B01DCA3F04008A1CBF /* ASPopupController.m in Sources */ = {isa = PBXBuildFile; fileRef = 272A14871DCA3F04008A1CBF /* ASPopupController.m */; };
		272A14C11DCA3F04008A1CBF /* ASPopupAction.m in Sources */ = {isa = PBXBuildFile; fileRef = 272A14AC1DCA3F04008A1CBF /* ASPopupAction.m */; };
		272A14C21DCA3F04008A1CBF /* ASPopupController.bundle in Resources */ = {isa = PBXBuildFile; fileRef = 272A14AD1DCA3F04008A1CBF /* ASPopupController.bundle */; };
		272A14C31DCA3F04008A1CBF /* ASPopupView.m in Sources */ = {isa = PBXBuildFile; fileRef = 272A14AF1DCA3F04008A1CBF /* ASPopupView.m */; };
		27FF06071DCB7CFD009B22BF /* ASPopupPresentAnimator.m in Sources */ = {isa = PBXBuildFile; fileRef = 27FF06061DCB7CFD009B22BF /* ASPopupPresentAnimator.m */; };
		27FF060B1DCB82EB009B22BF /* ASPopupDismissAnimator.m in Sources */ = {isa = PBXBuildFile; fileRef = 27FF060A1DCB82EB009B22BF /* ASPopupDismissAnimator.m */; };
/* End PBXBuildFile section */

/* Begin PBXFileReference section */
		272A14681DCA3EDD008A1CBF /* ASPopupControllerDemo.app */ = {isa = PBXFileReference; explicitFileType = wrapper.application; includeInIndex = 0; path = ASPopupControllerDemo.app; sourceTree = BUILT_PRODUCTS_DIR; };
		272A146C1DCA3EDD008A1CBF /* main.m */ = {isa = PBXFileReference; lastKnownFileType = sourcecode.c.objc; path = main.m; sourceTree = "<group>"; };
		272A146E1DCA3EDD008A1CBF /* AppDelegate.h */ = {isa = PBXFileReference; lastKnownFileType = sourcecode.c.h; path = AppDelegate.h; sourceTree = "<group>"; };
		272A146F1DCA3EDD008A1CBF /* AppDelegate.m */ = {isa = PBXFileReference; lastKnownFileType = sourcecode.c.objc; path = AppDelegate.m; sourceTree = "<group>"; };
		272A14751DCA3EDD008A1CBF /* Base */ = {isa = PBXFileReference; lastKnownFileType = file.storyboard; name = Base; path = Base.lproj/Main.storyboard; sourceTree = "<group>"; };
		272A14771DCA3EDD008A1CBF /* Assets.xcassets */ = {isa = PBXFileReference; lastKnownFileType = folder.assetcatalog; path = Assets.xcassets; sourceTree = "<group>"; };
		272A147A1DCA3EDD008A1CBF /* Base */ = {isa = PBXFileReference; lastKnownFileType = file.storyboard; name = Base; path = Base.lproj/LaunchScreen.storyboard; sourceTree = "<group>"; };
		272A147C1DCA3EDD008A1CBF /* Info.plist */ = {isa = PBXFileReference; lastKnownFileType = text.plist.xml; path = Info.plist; sourceTree = "<group>"; };
		272A14821DCA3EFA008A1CBF /* DemoViewController.h */ = {isa = PBXFileReference; fileEncoding = 4; lastKnownFileType = sourcecode.c.h; path = DemoViewController.h; sourceTree = "<group>"; };
		272A14831DCA3EFA008A1CBF /* DemoViewController.m */ = {isa = PBXFileReference; fileEncoding = 4; lastKnownFileType = sourcecode.c.objc; path = DemoViewController.m; sourceTree = "<group>"; };
		272A14861DCA3F04008A1CBF /* ASPopupController.h */ = {isa = PBXFileReference; fileEncoding = 4; lastKnownFileType = sourcecode.c.h; path = ASPopupController.h; sourceTree = "<group>"; };
		272A14871DCA3F04008A1CBF /* ASPopupController.m */ = {isa = PBXFileReference; fileEncoding = 4; lastKnownFileType = sourcecode.c.objc; path = ASPopupController.m; sourceTree = "<group>"; };
		272A14AB1DCA3F04008A1CBF /* ASPopupAction.h */ = {isa = PBXFileReference; fileEncoding = 4; lastKnownFileType = sourcecode.c.h; path = ASPopupAction.h; sourceTree = "<group>"; };
		272A14AC1DCA3F04008A1CBF /* ASPopupAction.m */ = {isa = PBXFileReference; fileEncoding = 4; lastKnownFileType = sourcecode.c.objc; path = ASPopupAction.m; sourceTree = "<group>"; };
		272A14AD1DCA3F04008A1CBF /* ASPopupController.bundle */ = {isa = PBXFileReference; lastKnownFileType = "wrapper.plug-in"; path = ASPopupController.bundle; sourceTree = "<group>"; };
		272A14AE1DCA3F04008A1CBF /* ASPopupView.h */ = {isa = PBXFileReference; fileEncoding = 4; lastKnownFileType = sourcecode.c.h; path = ASPopupView.h; sourceTree = "<group>"; };
		272A14AF1DCA3F04008A1CBF /* ASPopupView.m */ = {isa = PBXFileReference; fileEncoding = 4; lastKnownFileType = sourcecode.c.objc; path = ASPopupView.m; sourceTree = "<group>"; };
		27FF06051DCB7CFD009B22BF /* ASPopupPresentAnimator.h */ = {isa = PBXFileReference; fileEncoding = 4; lastKnownFileType = sourcecode.c.h; path = ASPopupPresentAnimator.h; sourceTree = "<group>"; };
		27FF06061DCB7CFD009B22BF /* ASPopupPresentAnimator.m */ = {isa = PBXFileReference; fileEncoding = 4; lastKnownFileType = sourcecode.c.objc; path = ASPopupPresentAnimator.m; sourceTree = "<group>"; };
		27FF06081DCB824E009B22BF /* ASPopupHeader.h */ = {isa = PBXFileReference; lastKnownFileType = sourcecode.c.h; path = ASPopupHeader.h; sourceTree = "<group>"; };
		27FF06091DCB82EB009B22BF /* ASPopupDismissAnimator.h */ = {isa = PBXFileReference; fileEncoding = 4; lastKnownFileType = sourcecode.c.h; path = ASPopupDismissAnimator.h; sourceTree = "<group>"; };
		27FF060A1DCB82EB009B22BF /* ASPopupDismissAnimator.m */ = {isa = PBXFileReference; fileEncoding = 4; lastKnownFileType = sourcecode.c.objc; path = ASPopupDismissAnimator.m; sourceTree = "<group>"; };
/* End PBXFileReference section */

/* Begin PBXFrameworksBuildPhase section */
		272A14651DCA3EDD008A1CBF /* Frameworks */ = {
			isa = PBXFrameworksBuildPhase;
			buildActionMask = 2147483647;
			files = (
			);
			runOnlyForDeploymentPostprocessing = 0;
		};
/* End PBXFrameworksBuildPhase section */

/* Begin PBXGroup section */
		272A145F1DCA3EDD008A1CBF = {
			isa = PBXGroup;
			children = (
				272A146A1DCA3EDD008A1CBF /* ASPopupControllerDemo */,
				272A14691DCA3EDD008A1CBF /* Products */,
			);
			sourceTree = "<group>";
		};
		272A14691DCA3EDD008A1CBF /* Products */ = {
			isa = PBXGroup;
			children = (
				272A14681DCA3EDD008A1CBF /* ASPopupControllerDemo.app */,
			);
			name = Products;
			sourceTree = "<group>";
		};
		272A146A1DCA3EDD008A1CBF /* ASPopupControllerDemo */ = {
			isa = PBXGroup;
			children = (
				272A14851DCA3F04008A1CBF /* ASPopupController */,
				272A146E1DCA3EDD008A1CBF /* AppDelegate.h */,
				272A146F1DCA3EDD008A1CBF /* AppDelegate.m */,
				272A14821DCA3EFA008A1CBF /* DemoViewController.h */,
				272A14831DCA3EFA008A1CBF /* DemoViewController.m */,
				272A14741DCA3EDD008A1CBF /* Main.storyboard */,
				272A14771DCA3EDD008A1CBF /* Assets.xcassets */,
				272A14791DCA3EDD008A1CBF /* LaunchScreen.storyboard */,
				272A147C1DCA3EDD008A1CBF /* Info.plist */,
				272A146B1DCA3EDD008A1CBF /* Supporting Files */,
			);
			path = ASPopupControllerDemo;
			sourceTree = "<group>";
		};
		272A146B1DCA3EDD008A1CBF /* Supporting Files */ = {
			isa = PBXGroup;
			children = (
				272A146C1DCA3EDD008A1CBF /* main.m */,
			);
			name = "Supporting Files";
			sourceTree = "<group>";
		};
		272A14851DCA3F04008A1CBF /* ASPopupController */ = {
			isa = PBXGroup;
			children = (
				272A14861DCA3F04008A1CBF /* ASPopupController.h */,
				272A14871DCA3F04008A1CBF /* ASPopupController.m */,
				27FF06081DCB824E009B22BF /* ASPopupHeader.h */,
				272A14881DCA3F04008A1CBF /* ASPopupDismissAnimator */,
				272A14971DCA3F04008A1CBF /* ASPopupPresentAnimator */,
				272A14AA1DCA3F04008A1CBF /* ASPopupView */,
			);
			name = ASPopupController;
			path = ../../ASPopupController;
			sourceTree = "<group>";
		};
		272A14881DCA3F04008A1CBF /* ASPopupDismissAnimator */ = {
			isa = PBXGroup;
			children = (
				27FF06091DCB82EB009B22BF /* ASPopupDismissAnimator.h */,
				27FF060A1DCB82EB009B22BF /* ASPopupDismissAnimator.m */,
			);
			path = ASPopupDismissAnimator;
			sourceTree = "<group>";
		};
		272A14971DCA3F04008A1CBF /* ASPopupPresentAnimator */ = {
			isa = PBXGroup;
			children = (
				27FF06051DCB7CFD009B22BF /* ASPopupPresentAnimator.h */,
				27FF06061DCB7CFD009B22BF /* ASPopupPresentAnimator.m */,
			);
			path = ASPopupPresentAnimator;
			sourceTree = "<group>";
		};
		272A14AA1DCA3F04008A1CBF /* ASPopupView */ = {
			isa = PBXGroup;
			children = (
				272A14AB1DCA3F04008A1CBF /* ASPopupAction.h */,
				272A14AC1DCA3F04008A1CBF /* ASPopupAction.m */,
				272A14AD1DCA3F04008A1CBF /* ASPopupController.bundle */,
				272A14AE1DCA3F04008A1CBF /* ASPopupView.h */,
				272A14AF1DCA3F04008A1CBF /* ASPopupView.m */,
			);
			path = ASPopupView;
			sourceTree = "<group>";
		};
/* End PBXGroup section */

/* Begin PBXNativeTarget section */
		272A14671DCA3EDD008A1CBF /* ASPopupControllerDemo */ = {
			isa = PBXNativeTarget;
			buildConfigurationList = 272A147F1DCA3EDD008A1CBF /* Build configuration list for PBXNativeTarget "ASPopupControllerDemo" */;
			buildPhases = (
				272A14641DCA3EDD008A1CBF /* Sources */,
				272A14651DCA3EDD008A1CBF /* Frameworks */,
				272A14661DCA3EDD008A1CBF /* Resources */,
			);
			buildRules = (
			);
			dependencies = (
			);
			name = ASPopupControllerDemo;
			productName = ASPopupControllerDemo;
			productReference = 272A14681DCA3EDD008A1CBF /* ASPopupControllerDemo.app */;
			productType = "com.apple.product-type.application";
		};
/* End PBXNativeTarget section */

/* Begin PBXProject section */
		272A14601DCA3EDD008A1CBF /* Project object */ = {
			isa = PBXProject;
			attributes = {
				LastUpgradeCheck = 0730;
				ORGANIZATIONNAME = Cyrus;
				TargetAttributes = {
					272A14671DCA3EDD008A1CBF = {
						CreatedOnToolsVersion = 7.3.1;
					};
				};
			};
			buildConfigurationList = 272A14631DCA3EDD008A1CBF /* Build configuration list for PBXProject "ASPopupControllerDemo" */;
			compatibilityVersion = "Xcode 3.2";
			developmentRegion = English;
			hasScannedForEncodings = 0;
			knownRegions = (
				en,
				Base,
			);
			mainGroup = 272A145F1DCA3EDD008A1CBF;
			productRefGroup = 272A14691DCA3EDD008A1CBF /* Products */;
			projectDirPath = "";
			projectRoot = "";
			targets = (
				272A14671DCA3EDD008A1CBF /* ASPopupControllerDemo */,
			);
		};
/* End PBXProject section */

/* Begin PBXResourcesBuildPhase section */
		272A14661DCA3EDD008A1CBF /* Resources */ = {
			isa = PBXResourcesBuildPhase;
			buildActionMask = 2147483647;
			files = (
				272A14C21DCA3F04008A1CBF /* ASPopupController.bundle in Resources */,
				272A147B1DCA3EDD008A1CBF /* LaunchScreen.storyboard in Resources */,
				272A14781DCA3EDD008A1CBF /* Assets.xcassets in Resources */,
				272A14761DCA3EDD008A1CBF /* Main.storyboard in Resources */,
			);
			runOnlyForDeploymentPostprocessing = 0;
		};
/* End PBXResourcesBuildPhase section */

/* Begin PBXSourcesBuildPhase section */
		272A14641DCA3EDD008A1CBF /* Sources */ = {
			isa = PBXSourcesBuildPhase;
			buildActionMask = 2147483647;
			files = (
				27FF06071DCB7CFD009B22BF /* ASPopupPresentAnimator.m in Sources */,
				272A14C11DCA3F04008A1CBF /* ASPopupAction.m in Sources */,
				272A14841DCA3EFA008A1CBF /* DemoViewController.m in Sources */,
				272A14701DCA3EDD008A1CBF /* AppDelegate.m in Sources */,
				27FF060B1DCB82EB009B22BF /* ASPopupDismissAnimator.m in Sources */,
				272A14B01DCA3F04008A1CBF /* ASPopupController.m in Sources */,
				272A14C31DCA3F04008A1CBF /* ASPopupView.m in Sources */,
				272A146D1DCA3EDD008A1CBF /* main.m in Sources */,
			);
			runOnlyForDeploymentPostprocessing = 0;
		};
/* End PBXSourcesBuildPhase section */

/* Begin PBXVariantGroup section */
		272A14741DCA3EDD008A1CBF /* Main.storyboard */ = {
			isa = PBXVariantGroup;
			children = (
				272A14751DCA3EDD008A1CBF /* Base */,
			);
			name = Main.storyboard;
			sourceTree = "<group>";
		};
		272A14791DCA3EDD008A1CBF /* LaunchScreen.storyboard */ = {
			isa = PBXVariantGroup;
			children = (
				272A147A1DCA3EDD008A1CBF /* Base */,
			);
			name = LaunchScreen.storyboard;
			sourceTree = "<group>";
		};
/* End PBXVariantGroup section */

/* Begin XCBuildConfiguration section */
		272A147D1DCA3EDD008A1CBF /* Debug */ = {
			isa = XCBuildConfiguration;
			buildSettings = {
				ALWAYS_SEARCH_USER_PATHS = NO;
				CLANG_ANALYZER_NONNULL = YES;
				CLANG_CXX_LANGUAGE_STANDARD = "gnu++0x";
				CLANG_CXX_LIBRARY = "libc++";
				CLANG_ENABLE_MODULES = YES;
				CLANG_ENABLE_OBJC_ARC = YES;
				CLANG_WARN_BOOL_CONVERSION = YES;
				CLANG_WARN_CONSTANT_CONVERSION = YES;
				CLANG_WARN_DIRECT_OBJC_ISA_USAGE = YES_ERROR;
				CLANG_WARN_EMPTY_BODY = YES;
				CLANG_WARN_ENUM_CONVERSION = YES;
				CLANG_WARN_INT_CONVERSION = YES;
				CLANG_WARN_OBJC_ROOT_CLASS = YES_ERROR;
				CLANG_WARN_UNREACHABLE_CODE = YES;
				CLANG_WARN__DUPLICATE_METHOD_MATCH = YES;
				"CODE_SIGN_IDENTITY[sdk=iphoneos*]" = "iPhone Developer";
				COPY_PHASE_STRIP = NO;
				DEBUG_INFORMATION_FORMAT = dwarf;
				ENABLE_STRICT_OBJC_MSGSEND = YES;
				ENABLE_TESTABILITY = YES;
				GCC_C_LANGUAGE_STANDARD = gnu99;
				GCC_DYNAMIC_NO_PIC = NO;
				GCC_NO_COMMON_BLOCKS = YES;
				GCC_OPTIMIZATION_LEVEL = 0;
				GCC_PREPROCESSOR_DEFINITIONS = (
					"DEBUG=1",
					"$(inherited)",
				);
				GCC_WARN_64_TO_32_BIT_CONVERSION = YES;
				GCC_WARN_ABOUT_RETURN_TYPE = YES_ERROR;
				GCC_WARN_UNDECLARED_SELECTOR = YES;
				GCC_WARN_UNINITIALIZED_AUTOS = YES_AGGRESSIVE;
				GCC_WARN_UNUSED_FUNCTION = YES;
				GCC_WARN_UNUSED_VARIABLE = YES;
				IPHONEOS_DEPLOYMENT_TARGET = 9.3;
				MTL_ENABLE_DEBUG_INFO = YES;
				ONLY_ACTIVE_ARCH = YES;
				SDKROOT = iphoneos;
			};
			name = Debug;
		};
		272A147E1DCA3EDD008A1CBF /* Release */ = {
			isa = XCBuildConfiguration;
			buildSettings = {
				ALWAYS_SEARCH_USER_PATHS = NO;
				CLANG_ANALYZER_NONNULL = YES;
				CLANG_CXX_LANGUAGE_STANDARD = "gnu++0x";
				CLANG_CXX_LIBRARY = "libc++";
				CLANG_ENABLE_MODULES = YES;
				CLANG_ENABLE_OBJC_ARC = YES;
				CLANG_WARN_BOOL_CONVERSION = YES;
				CLANG_WARN_CONSTANT_CONVERSION = YES;
				CLANG_WARN_DIRECT_OBJC_ISA_USAGE = YES_ERROR;
				CLANG_WARN_EMPTY_BODY = YES;
				CLANG_WARN_ENUM_CONVERSION = YES;
				CLANG_WARN_INT_CONVERSION = YES;
				CLANG_WARN_OBJC_ROOT_CLASS = YES_ERROR;
				CLANG_WARN_UNREACHABLE_CODE = YES;
				CLANG_WARN__DUPLICATE_METHOD_MATCH = YES;
				"CODE_SIGN_IDENTITY[sdk=iphoneos*]" = "iPhone Developer";
				COPY_PHASE_STRIP = NO;
				DEBUG_INFORMATION_FORMAT = "dwarf-with-dsym";
				ENABLE_NS_ASSERTIONS = NO;
				ENABLE_STRICT_OBJC_MSGSEND = YES;
				GCC_C_LANGUAGE_STANDARD = gnu99;
				GCC_NO_COMMON_BLOCKS = YES;
				GCC_WARN_64_TO_32_BIT_CONVERSION = YES;
				GCC_WARN_ABOUT_RETURN_TYPE = YES_ERROR;
				GCC_WARN_UNDECLARED_SELECTOR = YES;
				GCC_WARN_UNINITIALIZED_AUTOS = YES_AGGRESSIVE;
				GCC_WARN_UNUSED_FUNCTION = YES;
				GCC_WARN_UNUSED_VARIABLE = YES;
				IPHONEOS_DEPLOYMENT_TARGET = 9.3;
				MTL_ENABLE_DEBUG_INFO = NO;
				SDKROOT = iphoneos;
				VALIDATE_PRODUCT = YES;
			};
			name = Release;
		};
		272A14801DCA3EDD008A1CBF /* Debug */ = {
			isa = XCBuildConfiguration;
			buildSettings = {
				ASSETCATALOG_COMPILER_APPICON_NAME = AppIcon;
				INFOPLIST_FILE = ASPopupControllerDemo/Info.plist;
				IPHONEOS_DEPLOYMENT_TARGET = 8.0;
				LD_RUNPATH_SEARCH_PATHS = "$(inherited) @executable_path/Frameworks";
				PRODUCT_BUNDLE_IDENTIFIER = com.cyrusdev.ASPopupControllerDemo;
				PRODUCT_NAME = "$(TARGET_NAME)";
			};
			name = Debug;
		};
		272A14811DCA3EDD008A1CBF /* Release */ = {
			isa = XCBuildConfiguration;
			buildSettings = {
				ASSETCATALOG_COMPILER_APPICON_NAME = AppIcon;
				INFOPLIST_FILE = ASPopupControllerDemo/Info.plist;
				IPHONEOS_DEPLOYMENT_TARGET = 8.0;
				LD_RUNPATH_SEARCH_PATHS = "$(inherited) @executable_path/Frameworks";
				PRODUCT_BUNDLE_IDENTIFIER = com.cyrusdev.ASPopupControllerDemo;
				PRODUCT_NAME = "$(TARGET_NAME)";
			};
			name = Release;
		};
/* End XCBuildConfiguration section */

/* Begin XCConfigurationList section */
		272A14631DCA3EDD008A1CBF /* Build configuration list for PBXProject "ASPopupControllerDemo" */ = {
			isa = XCConfigurationList;
			buildConfigurations = (
				272A147D1DCA3EDD008A1CBF /* Debug */,
				272A147E1DCA3EDD008A1CBF /* Release */,
			);
			defaultConfigurationIsVisible = 0;
			defaultConfigurationName = Release;
		};
		272A147F1DCA3EDD008A1CBF /* Build configuration list for PBXNativeTarget "ASPopupControllerDemo" */ = {
			isa = XCConfigurationList;
			buildConfigurations = (
				272A14801DCA3EDD008A1CBF /* Debug */,
				272A14811DCA3EDD008A1CBF /* Release */,
			);
			defaultConfigurationIsVisible = 0;
			defaultConfigurationName = Release;
		};
/* End XCConfigurationList section */
	};
	rootObject = 272A14601DCA3EDD008A1CBF /* Project object */;
}
